
Microsoft Visual Studio Solution File, Format Version 12.00
# Visual Studio Version 16
VisualStudioVersion = 16.0.28922.388
MinimumVisualStudioVersion = 10.0.40219.1
Project("{FAE04EC0-301F-11D3-BF4B-00C04F79EFBC}") = "App8.Android", "App8.Android\App8.Android.csproj", "{2A5D747B-59D6-4EBA-B308-20641174A390}"
EndProject
Project("{FAE04EC0-301F-11D3-BF4B-00C04F79EFBC}") = "App8", "App8\App8.csproj", "{579AFCEC-3F7B-4C8E-8532-14EB02E5E5AC}"
EndProject
Global
	GlobalSection(SolutionConfigurationPlatforms) = preSolution
		Debug|Any CPU = Debug|Any CPU
		Release|Any CPU = Release|Any CPU
	EndGlobalSection
	GlobalSection(ProjectConfigurationPlatforms) = postSolution
		{2A5D747B-59D6-4EBA-B308-20641174A390}.Debug|Any CPU.ActiveCfg = Debug|Any CPU
		{2A5D747B-59D6-4EBA-B308-20641174A390}.Debug|Any CPU.Build.0 = Debug|Any CPU
		{2A5D747B-59D6-4EBA-B308-20641174A390}.Debug|Any CPU.Deploy.0 = Debug|Any CPU
		{2A5D747B-59D6-4EBA-B308-20641174A390}.Release|Any CPU.ActiveCfg = Release|Any CPU
		{2A5D747B-59D6-4EBA-B308-20641174A390}.Release|Any CPU.Build.0 = Release|Any CPU
		{2A5D747B-59D6-4EBA-B308-20641174A390}.Release|Any CPU.Deploy.0 = Release|Any CPU
		{579AFCEC-3F7B-4C8E-8532-14EB02E5E5AC}.Debug|Any CPU.ActiveCfg = Debug|Any CPU
		{579AFCEC-3F7B-4C8E-8532-14EB02E5E5AC}.Debug|Any CPU.Build.0 = Debug|Any CPU
		{579AFCEC-3F7B-4C8E-8532-14EB02E5E5AC}.Debug|Any CPU.Deploy.0 = Debug|Any CPU
		{579AFCEC-3F7B-4C8E-8532-14EB02E5E5AC}.Release|Any CPU.ActiveCfg = Release|Any CPU
		{579AFCEC-3F7B-4C8E-8532-14EB02E5E5AC}.Release|Any CPU.Build.0 = Release|Any CPU
		{579AFCEC-3F7B-4C8E-8532-14EB02E5E5AC}.Release|Any CPU.Deploy.0 = Release|Any CPU
	EndGlobalSection
	GlobalSection(SolutionProperties) = preSolution
		HideSolutionNode = FALSE
	EndGlobalSection
	GlobalSection(ExtensibilityGlobals) = postSolution
		SolutionGuid = {7B86AD1A-44EA-4A16-846B-F1BB21B78402}
	EndGlobalSection
EndGlobal
